
Microsoft Visual Studio Solution File, Format Version 12.00
# Visual Studio Version 17
VisualStudioVersion = 17.10.35122.118
MinimumVisualStudioVersion = 10.0.40219.1
Project("{FAE04EC0-301F-11D3-BF4B-00C04F79EFBC}") = "LessPollu.MVC", "LessPollu.MVC.csproj", "{2650EE86-2710-442B-9433-2B1696E6B812}"
EndProject
Global
	GlobalSection(SolutionConfigurationPlatforms) = preSolution
		Debug|Any CPU = Debug|Any CPU
		Release|Any CPU = Release|Any CPU
	EndGlobalSection
	GlobalSection(ProjectConfigurationPlatforms) = postSolution
		{2650EE86-2710-442B-9433-2B1696E6B812}.Debug|Any CPU.ActiveCfg = Debug|Any CPU
		{2650EE86-2710-442B-9433-2B1696E6B812}.Debug|Any CPU.Build.0 = Debug|Any CPU
		{2650EE86-2710-442B-9433-2B1696E6B812}.Release|Any CPU.ActiveCfg = Release|Any CPU
		{2650EE86-2710-442B-9433-2B1696E6B812}.Release|Any CPU.Build.0 = Release|Any CPU
	EndGlobalSection
	GlobalSection(SolutionProperties) = preSolution
		HideSolutionNode = FALSE
	EndGlobalSection
	GlobalSection(ExtensibilityGlobals) = postSolution
		SolutionGuid = {83AE8494-D473-4A3F-BFD6-C023D2C4FF5F}
	EndGlobalSection
EndGlobal
